
Microsoft Visual Studio Solution File, Format Version 12.00
# Visual Studio Version 17
VisualStudioVersion = 17.9.34622.214
MinimumVisualStudioVersion = 10.0.40219.1
Project("{9A19103F-16F7-4668-BE54-9A1E7A4F7556}") = "DesktopApplication", "DesktopApplication\DesktopApplication.csproj", "{ECFFEFCC-5CFF-42A2-AEC5-62AD04F3E2FE}"
EndProject
Project("{9A19103F-16F7-4668-BE54-9A1E7A4F7556}") = "DesktopApplicationTests", "DesktopApplicationTests\DesktopApplicationTests.csproj", "{ED4DDC6B-C829-4B59-BD57-2059995C1F69}"
EndProject
Global
	GlobalSection(SolutionConfigurationPlatforms) = preSolution
		Debug|Any CPU = Debug|Any CPU
		Release|Any CPU = Release|Any CPU
	EndGlobalSection
	GlobalSection(ProjectConfigurationPlatforms) = postSolution
		{ECFFEFCC-5CFF-42A2-AEC5-62AD04F3E2FE}.Debug|Any CPU.ActiveCfg = Debug|Any CPU
		{ECFFEFCC-5CFF-42A2-AEC5-62AD04F3E2FE}.Debug|Any CPU.Build.0 = Debug|Any CPU
		{ECFFEFCC-5CFF-42A2-AEC5-62AD04F3E2FE}.Release|Any CPU.ActiveCfg = Release|Any CPU
		{ECFFEFCC-5CFF-42A2-AEC5-62AD04F3E2FE}.Release|Any CPU.Build.0 = Release|Any CPU
		{ED4DDC6B-C829-4B59-BD57-2059995C1F69}.Debug|Any CPU.ActiveCfg = Debug|Any CPU
		{ED4DDC6B-C829-4B59-BD57-2059995C1F69}.Debug|Any CPU.Build.0 = Debug|Any CPU
		{ED4DDC6B-C829-4B59-BD57-2059995C1F69}.Release|Any CPU.ActiveCfg = Release|Any CPU
		{ED4DDC6B-C829-4B59-BD57-2059995C1F69}.Release|Any CPU.Build.0 = Release|Any CPU
	EndGlobalSection
	GlobalSection(SolutionProperties) = preSolution
		HideSolutionNode = FALSE
	EndGlobalSection
	GlobalSection(ExtensibilityGlobals) = postSolution
		SolutionGuid = {D686114D-4750-4138-89BE-A21E93442F29}
	EndGlobalSection
EndGlobal
